
Microsoft Visual Studio Solution File, Format Version 12.00
# Visual Studio 15
VisualStudioVersion = 15.0.28010.2003
MinimumVisualStudioVersion = 10.0.40219.1
Project("{9A19103F-16F7-4668-BE54-9A1E7A4F7556}") = "LightMessager", "LightMessager.csproj", "{344DC1EE-6AE2-4927-A7FC-4598C0EFA3E2}"
EndProject
Global
	GlobalSection(SolutionConfigurationPlatforms) = preSolution
		Debug|Any CPU = Debug|Any CPU
		Release|Any CPU = Release|Any CPU
	EndGlobalSection
	GlobalSection(ProjectConfigurationPlatforms) = postSolution
		{344DC1EE-6AE2-4927-A7FC-4598C0EFA3E2}.Debug|Any CPU.ActiveCfg = Debug|Any CPU
		{344DC1EE-6AE2-4927-A7FC-4598C0EFA3E2}.Debug|Any CPU.Build.0 = Debug|Any CPU
		{344DC1EE-6AE2-4927-A7FC-4598C0EFA3E2}.Release|Any CPU.ActiveCfg = Release|Any CPU
		{344DC1EE-6AE2-4927-A7FC-4598C0EFA3E2}.Release|Any CPU.Build.0 = Release|Any CPU
	EndGlobalSection
	GlobalSection(SolutionProperties) = preSolution
		HideSolutionNode = FALSE
	EndGlobalSection
	GlobalSection(ExtensibilityGlobals) = postSolution
		SolutionGuid = {0D443731-5724-4981-AFDB-CFDB9FA93527}
	EndGlobalSection
EndGlobal
