
Microsoft Visual Studio Solution File, Format Version 12.00
# Visual Studio Version 17
VisualStudioVersion = 17.2.32519.379
MinimumVisualStudioVersion = 10.0.40219.1
Project("{9A19103F-16F7-4668-BE54-9A1E7A4F7556}") = "LightMessager", "LightMessager.csproj", "{344DC1EE-6AE2-4927-A7FC-4598C0EFA3E2}"
EndProject
Project("{9A19103F-16F7-4668-BE54-9A1E7A4F7556}") = "ConsumerTest", "..\example\ConsumerTest\ConsumerTest.csproj", "{929AF4B8-5799-4299-8B51-4E4342C02482}"
EndProject
Project("{9A19103F-16F7-4668-BE54-9A1E7A4F7556}") = "ProducerTest", "..\example\ProducerTest\ProducerTest.csproj", "{4BC223A8-2BD1-4ABC-9E65-7B28CDC04728}"
EndProject
Project("{2150E333-8FDC-42A3-9474-1A3956D46DE8}") = "Samples", "Samples", "{C10C8C5D-B587-4070-8BD4-02AE6346038B}"
EndProject
Project("{FAE04EC0-301F-11D3-BF4B-00C04F79EFBC}") = "WebApplication1", "..\example\WebApplication1\WebApplication1.csproj", "{CCB4192E-249C-4B40-9F68-81D92FFC1AE8}"
EndProject
Global
	GlobalSection(SolutionConfigurationPlatforms) = preSolution
		Debug|Any CPU = Debug|Any CPU
		Release|Any CPU = Release|Any CPU
	EndGlobalSection
	GlobalSection(ProjectConfigurationPlatforms) = postSolution
		{344DC1EE-6AE2-4927-A7FC-4598C0EFA3E2}.Debug|Any CPU.ActiveCfg = Debug|Any CPU
		{344DC1EE-6AE2-4927-A7FC-4598C0EFA3E2}.Debug|Any CPU.Build.0 = Debug|Any CPU
		{344DC1EE-6AE2-4927-A7FC-4598C0EFA3E2}.Release|Any CPU.ActiveCfg = Release|Any CPU
		{344DC1EE-6AE2-4927-A7FC-4598C0EFA3E2}.Release|Any CPU.Build.0 = Release|Any CPU
		{929AF4B8-5799-4299-8B51-4E4342C02482}.Debug|Any CPU.ActiveCfg = Debug|Any CPU
		{929AF4B8-5799-4299-8B51-4E4342C02482}.Debug|Any CPU.Build.0 = Debug|Any CPU
		{929AF4B8-5799-4299-8B51-4E4342C02482}.Release|Any CPU.ActiveCfg = Release|Any CPU
		{929AF4B8-5799-4299-8B51-4E4342C02482}.Release|Any CPU.Build.0 = Release|Any CPU
		{4BC223A8-2BD1-4ABC-9E65-7B28CDC04728}.Debug|Any CPU.ActiveCfg = Debug|Any CPU
		{4BC223A8-2BD1-4ABC-9E65-7B28CDC04728}.Debug|Any CPU.Build.0 = Debug|Any CPU
		{4BC223A8-2BD1-4ABC-9E65-7B28CDC04728}.Release|Any CPU.ActiveCfg = Release|Any CPU
		{4BC223A8-2BD1-4ABC-9E65-7B28CDC04728}.Release|Any CPU.Build.0 = Release|Any CPU
		{CCB4192E-249C-4B40-9F68-81D92FFC1AE8}.Debug|Any CPU.ActiveCfg = Debug|Any CPU
		{CCB4192E-249C-4B40-9F68-81D92FFC1AE8}.Debug|Any CPU.Build.0 = Debug|Any CPU
		{CCB4192E-249C-4B40-9F68-81D92FFC1AE8}.Release|Any CPU.ActiveCfg = Release|Any CPU
		{CCB4192E-249C-4B40-9F68-81D92FFC1AE8}.Release|Any CPU.Build.0 = Release|Any CPU
	EndGlobalSection
	GlobalSection(SolutionProperties) = preSolution
		HideSolutionNode = FALSE
	EndGlobalSection
	GlobalSection(NestedProjects) = preSolution
		{929AF4B8-5799-4299-8B51-4E4342C02482} = {C10C8C5D-B587-4070-8BD4-02AE6346038B}
		{4BC223A8-2BD1-4ABC-9E65-7B28CDC04728} = {C10C8C5D-B587-4070-8BD4-02AE6346038B}
		{CCB4192E-249C-4B40-9F68-81D92FFC1AE8} = {C10C8C5D-B587-4070-8BD4-02AE6346038B}
	EndGlobalSection
	GlobalSection(ExtensibilityGlobals) = postSolution
		SolutionGuid = {0D443731-5724-4981-AFDB-CFDB9FA93527}
	EndGlobalSection
EndGlobal
